
Microsoft Visual Studio Solution File, Format Version 12.00
# Visual Studio Version 16
VisualStudioVersion = 16.0.29326.143
MinimumVisualStudioVersion = 10.0.40219.1
Project("{FAE04EC0-301F-11D3-BF4B-00C04F79EFBC}") = "SiteMaps", "SiteMaps\SiteMaps.csproj", "{6649C7A1-C35F-4632-ACE8-58339AD0EC5C}"
EndProject
Global
	GlobalSection(SolutionConfigurationPlatforms) = preSolution
		Debug|Any CPU = Debug|Any CPU
		Release|Any CPU = Release|Any CPU
	EndGlobalSection
	GlobalSection(ProjectConfigurationPlatforms) = postSolution
		{6649C7A1-C35F-4632-ACE8-58339AD0EC5C}.Debug|Any CPU.ActiveCfg = Debug|Any CPU
		{6649C7A1-C35F-4632-ACE8-58339AD0EC5C}.Debug|Any CPU.Build.0 = Debug|Any CPU
		{6649C7A1-C35F-4632-ACE8-58339AD0EC5C}.Release|Any CPU.ActiveCfg = Release|Any CPU
		{6649C7A1-C35F-4632-ACE8-58339AD0EC5C}.Release|Any CPU.Build.0 = Release|Any CPU
	EndGlobalSection
	GlobalSection(SolutionProperties) = preSolution
		HideSolutionNode = FALSE
	EndGlobalSection
	GlobalSection(ExtensibilityGlobals) = postSolution
		SolutionGuid = {563F8536-2EFA-4658-878C-8946C271D3F7}
	EndGlobalSection
EndGlobal
