
Microsoft Visual Studio Solution File, Format Version 12.00
# Visual Studio Version 16
VisualStudioVersion = 16.0.29326.143
MinimumVisualStudioVersion = 10.0.40219.1
Project("{FAE04EC0-301F-11D3-BF4B-00C04F79EFBC}") = "ResponseDemo", "ResponseDemo\ResponseDemo.csproj", "{AF683BCB-C512-4334-9FD9-FB887B7DFE6C}"
EndProject
Global
	GlobalSection(SolutionConfigurationPlatforms) = preSolution
		Debug|Any CPU = Debug|Any CPU
		Release|Any CPU = Release|Any CPU
	EndGlobalSection
	GlobalSection(ProjectConfigurationPlatforms) = postSolution
		{AF683BCB-C512-4334-9FD9-FB887B7DFE6C}.Debug|Any CPU.ActiveCfg = Debug|Any CPU
		{AF683BCB-C512-4334-9FD9-FB887B7DFE6C}.Debug|Any CPU.Build.0 = Debug|Any CPU
		{AF683BCB-C512-4334-9FD9-FB887B7DFE6C}.Release|Any CPU.ActiveCfg = Release|Any CPU
		{AF683BCB-C512-4334-9FD9-FB887B7DFE6C}.Release|Any CPU.Build.0 = Release|Any CPU
	EndGlobalSection
	GlobalSection(SolutionProperties) = preSolution
		HideSolutionNode = FALSE
	EndGlobalSection
	GlobalSection(ExtensibilityGlobals) = postSolution
		SolutionGuid = {79174F9B-F4A8-4C5A-AE3B-7CFF83F440DD}
	EndGlobalSection
EndGlobal
